<?xml version="1.0" encoding="UTF-8"?>
<Scheme
   LastUpgradeVersion = "1620"
   version = "1.3">
   <BuildAction
      parallelizeBuildables = "YES"
      buildImplicitDependencies = "YES">
      <BuildActionEntries>
         <BuildActionEntry
            buildForTesting = "YES"
            buildForRunning = "YES"
            buildForProfiling = "YES"
            buildForArchiving = "YES"
            buildForAnalyzing = "YES">
            <BuildableReference
               BuildableIdentifier = "primary"
               BlueprintIdentifier = "B9B44DBC1D8F65CD00782398"
               BuildableName = "lldu"
               BlueprintName = "lldu"
               ReferencedContainer = "container:lldu.xcodeproj">
            </BuildableReference>
         </BuildActionEntry>
      </BuildActionEntries>
   </BuildAction>
   <TestAction
      buildConfiguration = "Debug"
      selectedDebuggerIdentifier = "Xcode.DebuggerFoundation.Debugger.LLDB"
      selectedLauncherIdentifier = "Xcode.DebuggerFoundation.Launcher.LLDB"
      shouldUseLaunchSchemeArgsEnv = "YES">
      <Testables>
      </Testables>
   </TestAction>
   <LaunchAction
      buildConfiguration = "Debug"
      selectedDebuggerIdentifier = "Xcode.DebuggerFoundation.Debugger.LLDB"
      selectedLauncherIdentifier = "Xcode.DebuggerFoundation.Launcher.LLDB"
      launchStyle = "0"
      useCustomWorkingDirectory = "NO"
      customWorkingDirectory = "/Users/ldennis/projects/projects-xcode/lldu"
      ignoresPersistentStateOnLaunch = "NO"
      debugDocumentVersioning = "YES"
      debugServiceExtension = "internal"
      allowLocationSimulation = "YES">
      <BuildableProductRunnable
         runnableDebuggingMode = "0">
         <BuildableReference
            BuildableIdentifier = "primary"
            BlueprintIdentifier = "B9B44DBC1D8F65CD00782398"
            BuildableName = "lldu"
            BlueprintName = "lldu"
            ReferencedContainer = "container:lldu.xcodeproj">
         </BuildableReference>
      </BuildableProductRunnable>
      <CommandLineArguments>
         <CommandLineArgument
            argument = "/Users/ldennis/projects/projects-xcode/lldu"
            isEnabled = "NO">
         </CommandLineArgument>
         <CommandLineArgument
            argument = "-total"
            isEnabled = "NO">
         </CommandLineArgument>
         <CommandLineArgument
            argument = "-summary"
            isEnabled = "NO">
         </CommandLineArgument>
         <CommandLineArgument
            argument = "-table=count"
            isEnabled = "NO">
         </CommandLineArgument>
         <CommandLineArgument
            argument = " -format=&quot;%12.12e\t%8c\t%10s\n&quot;"
            isEnabled = "NO">
         </CommandLineArgument>
         <CommandLineArgument
            argument = "-list"
            isEnabled = "YES">
         </CommandLineArgument>
         <CommandLineArgument
            argument = "/Users/ldennis/android/wxapp/4100/WxApp/src/WxApp/TargetResources/ /Users/ldennis/android/wxapp/490/WxApp/src/WxApp/TargetResources/ /Users/ldennis/android/wxapp/5000/WxApp/src/WxApp/TargetResources/ /Users/ldennis/android/wxapp/5100/WxApp/src/WxApp/TargetResources/ /Users/ldennis/android/wxapp/5200/WxApp/src/WxApp/TargetResources/  /Users/ldennis/android/wxapp/5300/WxApp/src/WxApp/TargetResources/ /Users/ldennis/android/wxapp/5400/WxApp/src/WxApp/TargetResources/  /Users/ldennis/android/wxapp/main/WxApp/src/WxApp/TargetResources/"
            isEnabled = "NO">
         </CommandLineArgument>
         <CommandLineArgument
            argument = "-replace=([^.]+)[.](.{4,});$1.other"
            isEnabled = "NO">
         </CommandLineArgument>
         <CommandLineArgument
            argument = "&apos;-exclude=\.*&apos; &apos;-pick=[^.]+[.](.{4,});other&apos; ."
            isEnabled = "NO">
         </CommandLineArgument>
         <CommandLineArgument
            argument = "&apos;-exclude=\.*&apos; &apos;-pick=[^.]+[.](.{4,});other&apos; -sort=size -rev=count &quot;-format=%8e %6c %10s\n&quot; &quot;-for=\n&quot; .."
            isEnabled = "NO">
         </CommandLineArgument>
         <CommandLineArgument
            argument = "-n -ver"
            isEnabled = "NO">
         </CommandLineArgument>
         <CommandLineArgument
            argument = "-Include=&quot;*/[.][a-zA-Z]*&quot;"
            isEnabled = "NO">
         </CommandLineArgument>
         <CommandLineArgument
            argument = "/Users/ldennis"
            isEnabled = "NO">
         </CommandLineArgument>
         <CommandLineArgument
            argument = "/Users/dennislang/opt/old-notes22"
            isEnabled = "NO">
         </CommandLineArgument>
         <CommandLineArgument
            argument = "/Users/dennislang/opt/notes22"
            isEnabled = "NO">
         </CommandLineArgument>
         <CommandLineArgument
            argument = "."
            isEnabled = "YES">
         </CommandLineArgument>
      </CommandLineArguments>
   </LaunchAction>
   <ProfileAction
      buildConfiguration = "Release"
      shouldUseLaunchSchemeArgsEnv = "YES"
      savedToolIdentifier = ""
      useCustomWorkingDirectory = "NO"
      debugDocumentVersioning = "YES">
      <BuildableProductRunnable
         runnableDebuggingMode = "0">
         <BuildableReference
            BuildableIdentifier = "primary"
            BlueprintIdentifier = "B9B44DBC1D8F65CD00782398"
            BuildableName = "lldu"
            BlueprintName = "lldu"
            ReferencedContainer = "container:lldu.xcodeproj">
         </BuildableReference>
      </BuildableProductRunnable>
   </ProfileAction>
   <AnalyzeAction
      buildConfiguration = "Debug">
   </AnalyzeAction>
   <ArchiveAction
      buildConfiguration = "Release"
      revealArchiveInOrganizer = "YES">
   </ArchiveAction>
</Scheme>
